
Microsoft Visual Studio Solution File, Format Version 12.00
# Visual Studio Version 16
VisualStudioVersion = 16.0.29613.14
MinimumVisualStudioVersion = 10.0.40219.1
Project("{FAE04EC0-301F-11D3-BF4B-00C04F79EFBC}") = "Curious Cat", "Curious Cat.csproj", "{145C1F70-735E-4AE8-9E15-78E26C509051}"
EndProject
Global
	GlobalSection(SolutionConfigurationPlatforms) = preSolution
		Debug|Any CPU = Debug|Any CPU
		Release|Any CPU = Release|Any CPU
	EndGlobalSection
	GlobalSection(ProjectConfigurationPlatforms) = postSolution
		{145C1F70-735E-4AE8-9E15-78E26C509051}.Debug|Any CPU.ActiveCfg = Debug|Any CPU
		{145C1F70-735E-4AE8-9E15-78E26C509051}.Debug|Any CPU.Build.0 = Debug|Any CPU
		{145C1F70-735E-4AE8-9E15-78E26C509051}.Release|Any CPU.ActiveCfg = Release|Any CPU
		{145C1F70-735E-4AE8-9E15-78E26C509051}.Release|Any CPU.Build.0 = Release|Any CPU
	EndGlobalSection
	GlobalSection(SolutionProperties) = preSolution
		HideSolutionNode = FALSE
	EndGlobalSection
	GlobalSection(ExtensibilityGlobals) = postSolution
		SolutionGuid = {BB65F7D7-8363-47A8-A50E-62FA04A7A820}
	EndGlobalSection
EndGlobal
